// !$*UTF8*$!
{
	archiveVersion = 1;
	classes = {
	};
	objectVersion = 46;
	objects = {

/* Begin PBXBuildFile section */
		22FFEEE71B713D0F00D6C67F /* main.m in Sources */ = {isa = PBXBuildFile; fileRef = 22FFEEE61B713D0F00D6C67F /* main.m */; };
		22FFEEEA1B713D0F00D6C67F /* AppDelegate.m in Sources */ = {isa = PBXBuildFile; fileRef = 22FFEEE91B713D0F00D6C67F /* AppDelegate.m */; };
		22FFEEED1B713D0F00D6C67F /* ViewController.m in Sources */ = {isa = PBXBuildFile; fileRef = 22FFEEEC1B713D0F00D6C67F /* ViewController.m */; };
		22FFEEF01B713D0F00D6C67F /* Main.storyboard in Resources */ = {isa = PBXBuildFile; fileRef = 22FFEEEE1B713D0F00D6C67F /* Main.storyboard */; };
		22FFEEF21B713D0F00D6C67F /* Images.xcassets in Resources */ = {isa = PBXBuildFile; fileRef = 22FFEEF11B713D0F00D6C67F /* Images.xcassets */; };
		22FFEEF51B713D0F00D6C67F /* LaunchScreen.xib in Resources */ = {isa = PBXBuildFile; fileRef = 22FFEEF31B713D0F00D6C67F /* LaunchScreen.xib */; };
		22FFEF011B713D0F00D6C67F /* FruityTests.m in Sources */ = {isa = PBXBuildFile; fileRef = 22FFEF001B713D0F00D6C67F /* FruityTests.m */; };
/* End PBXBuildFile section */

/* Begin PBXContainerItemProxy section */
		22FFEEFB1B713D0F00D6C67F /* PBXContainerItemProxy */ = {
			isa = PBXContainerItemProxy;
			containerPortal = 22FFEED91B713D0F00D6C67F /* Project object */;
			proxyType = 1;
			remoteGlobalIDString = 22FFEEE01B713D0F00D6C67F;
			remoteInfo = Fruity;
		};
/* End PBXContainerItemProxy section */

/* Begin PBXFileReference section */
		22FFEEE11B713D0F00D6C67F /* Fruity.app */ = {isa = PBXFileReference; explicitFileType = wrapper.application; includeInIndex = 0; path = Fruity.app; sourceTree = BUILT_PRODUCTS_DIR; };
		22FFEEE51B713D0F00D6C67F /* Info.plist */ = {isa = PBXFileReference; lastKnownFileType = text.plist.xml; path = Info.plist; sourceTree = "<group>"; };
		22FFEEE61B713D0F00D6C67F /* main.m */ = {isa = PBXFileReference; lastKnownFileType = sourcecode.c.objc; path = main.m; sourceTree = "<group>"; };
		22FFEEE81B713D0F00D6C67F /* AppDelegate.h */ = {isa = PBXFileReference; lastKnownFileType = sourcecode.c.h; path = AppDelegate.h; sourceTree = "<group>"; };
		22FFEEE91B713D0F00D6C67F /* AppDelegate.m */ = {isa = PBXFileReference; lastKnownFileType = sourcecode.c.objc; path = AppDelegate.m; sourceTree = "<group>"; };
		22FFEEEB1B713D0F00D6C67F /* ViewController.h */ = {isa = PBXFileReference; lastKnownFileType = sourcecode.c.h; path = ViewController.h; sourceTree = "<group>"; };
		22FFEEEC1B713D0F00D6C67F /* ViewController.m */ = {isa = PBXFileReference; lastKnownFileType = sourcecode.c.objc; path = ViewController.m; sourceTree = "<group>"; };
		22FFEEEF1B713D0F00D6C67F /* Base */ = {isa = PBXFileReference; lastKnownFileType = file.storyboard; name = Base; path = Base.lproj/Main.storyboard; sourceTree = "<group>"; };
		22FFEEF11B713D0F00D6C67F /* Images.xcassets */ = {isa = PBXFileReference; lastKnownFileType = folder.assetcatalog; path = Images.xcassets; sourceTree = "<group>"; };
		22FFEEF41B713D0F00D6C67F /* Base */ = {isa = PBXFileReference; lastKnownFileType = file.xib; name = Base; path = Base.lproj/LaunchScreen.xib; sourceTree = "<group>"; };
		22FFEEFA1B713D0F00D6C67F /* FruityTests.xctest */ = {isa = PBXFileReference; explicitFileType = wrapper.cfbundle; includeInIndex = 0; path = FruityTests.xctest; sourceTree = BUILT_PRODUCTS_DIR; };
		22FFEEFF1B713D0F00D6C67F /* Info.plist */ = {isa = PBXFileReference; lastKnownFileType = text.plist.xml; path = Info.plist; sourceTree = "<group>"; };
		22FFEF001B713D0F00D6C67F /* FruityTests.m */ = {isa = PBXFileReference; lastKnownFileType = sourcecode.c.objc; path = FruityTests.m; sourceTree = "<group>"; };
/* End PBXFileReference section */

/* Begin PBXFrameworksBuildPhase section */
		22FFEEDE1B713D0F00D6C67F /* Frameworks */ = {
			isa = PBXFrameworksBuildPhase;
			buildActionMask = 2147483647;
			files = (
			);
			runOnlyForDeploymentPostprocessing = 0;
		};
		22FFEEF71B713D0F00D6C67F /* Frameworks */ = {
			isa = PBXFrameworksBuildPhase;
			buildActionMask = 2147483647;
			files = (
			);
			runOnlyForDeploymentPostprocessing = 0;
		};
/* End PBXFrameworksBuildPhase section */

/* Begin PBXGroup section */
		22FFEED81B713D0F00D6C67F = {
			isa = PBXGroup;
			children = (
				22FFEEE31B713D0F00D6C67F /* Fruity */,
				22FFEEFD1B713D0F00D6C67F /* FruityTests */,
				22FFEEE21B713D0F00D6C67F /* Products */,
			);
			sourceTree = "<group>";
		};
		22FFEEE21B713D0F00D6C67F /* Products */ = {
			isa = PBXGroup;
			children = (
				22FFEEE11B713D0F00D6C67F /* Fruity.app */,
				22FFEEFA1B713D0F00D6C67F /* FruityTests.xctest */,
			);
			name = Products;
			sourceTree = "<group>";
		};
		22FFEEE31B713D0F00D6C67F /* Fruity */ = {
			isa = PBXGroup;
			children = (
				22FFEEE81B713D0F00D6C67F /* AppDelegate.h */,
				22FFEEE91B713D0F00D6C67F /* AppDelegate.m */,
				22FFEEEB1B713D0F00D6C67F /* ViewController.h */,
				22FFEEEC1B713D0F00D6C67F /* ViewController.m */,
				22FFEEEE1B713D0F00D6C67F /* Main.storyboard */,
				22FFEEF11B713D0F00D6C67F /* Images.xcassets */,
				22FFEEF31B713D0F00D6C67F /* LaunchScreen.xib */,
				22FFEEE41B713D0F00D6C67F /* Supporting Files */,
			);
			path = Fruity;
			sourceTree = "<group>";
		};
		22FFEEE41B713D0F00D6C67F /* Supporting Files */ = {
			isa = PBXGroup;
			children = (
				22FFEEE51B713D0F00D6C67F /* Info.plist */,
				22FFEEE61B713D0F00D6C67F /* main.m */,
			);
			name = "Supporting Files";
			sourceTree = "<group>";
		};
		22FFEEFD1B713D0F00D6C67F /* FruityTests */ = {
			isa = PBXGroup;
			children = (
				22FFEF001B713D0F00D6C67F /* FruityTests.m */,
				22FFEEFE1B713D0F00D6C67F /* Supporting Files */,
			);
			path = FruityTests;
			sourceTree = "<group>";
		};
		22FFEEFE1B713D0F00D6C67F /* Supporting Files */ = {
			isa = PBXGroup;
			children = (
				22FFEEFF1B713D0F00D6C67F /* Info.plist */,
			);
			name = "Supporting Files";
			sourceTree = "<group>";
		};
/* End PBXGroup section */

/* Begin PBXNativeTarget section */
		22FFEEE01B713D0F00D6C67F /* Fruity */ = {
			isa = PBXNativeTarget;
			buildConfigurationList = 22FFEF041B713D0F00D6C67F /* Build configuration list for PBXNativeTarget "Fruity" */;
			buildPhases = (
				22FFEEDD1B713D0F00D6C67F /* Sources */,
				22FFEEDE1B713D0F00D6C67F /* Frameworks */,
				22FFEEDF1B713D0F00D6C67F /* Resources */,
			);
			buildRules = (
			);
			dependencies = (
			);
			name = Fruity;
			productName = Fruity;
			productReference = 22FFEEE11B713D0F00D6C67F /* Fruity.app */;
			productType = "com.apple.product-type.application";
		};
		22FFEEF91B713D0F00D6C67F /* FruityTests */ = {
			isa = PBXNativeTarget;
			buildConfigurationList = 22FFEF071B713D0F00D6C67F /* Build configuration list for PBXNativeTarget "FruityTests" */;
			buildPhases = (
				22FFEEF61B713D0F00D6C67F /* Sources */,
				22FFEEF71B713D0F00D6C67F /* Frameworks */,
				22FFEEF81B713D0F00D6C67F /* Resources */,
			);
			buildRules = (
			);
			dependencies = (
				22FFEEFC1B713D0F00D6C67F /* PBXTargetDependency */,
			);
			name = FruityTests;
			productName = FruityTests;
			productReference = 22FFEEFA1B713D0F00D6C67F /* FruityTests.xctest */;
			productType = "com.apple.product-type.bundle.unit-test";
		};
/* End PBXNativeTarget section */

/* Begin PBXProject section */
		22FFEED91B713D0F00D6C67F /* Project object */ = {
			isa = PBXProject;
			attributes = {
				LastUpgradeCheck = 0640;
				ORGANIZATIONNAME = "Liam Beeton";
				TargetAttributes = {
					22FFEEE01B713D0F00D6C67F = {
						CreatedOnToolsVersion = 6.4;
					};
					22FFEEF91B713D0F00D6C67F = {
						CreatedOnToolsVersion = 6.4;
						TestTargetID = 22FFEEE01B713D0F00D6C67F;
					};
				};
			};
			buildConfigurationList = 22FFEEDC1B713D0F00D6C67F /* Build configuration list for PBXProject "Fruity" */;
			compatibilityVersion = "Xcode 3.2";
			developmentRegion = English;
			hasScannedForEncodings = 0;
			knownRegions = (
				en,
				Base,
			);
			mainGroup = 22FFEED81B713D0F00D6C67F;
			productRefGroup = 22FFEEE21B713D0F00D6C67F /* Products */;
			projectDirPath = "";
			projectRoot = "";
			targets = (
				22FFEEE01B713D0F00D6C67F /* Fruity */,
				22FFEEF91B713D0F00D6C67F /* FruityTests */,
			);
		};
/* End PBXProject section */

/* Begin PBXResourcesBuildPhase section */
		22FFEEDF1B713D0F00D6C67F /* Resources */ = {
			isa = PBXResourcesBuildPhase;
			buildActionMask = 2147483647;
			files = (
				22FFEEF01B713D0F00D6C67F /* Main.storyboard in Resources */,
				22FFEEF51B713D0F00D6C67F /* LaunchScreen.xib in Resources */,
				22FFEEF21B713D0F00D6C67F /* Images.xcassets in Resources */,
			);
			runOnlyForDeploymentPostprocessing = 0;
		};
		22FFEEF81B713D0F00D6C67F /* Resources */ = {
			isa = PBXResourcesBuildPhase;
			buildActionMask = 2147483647;
			files = (
			);
			runOnlyForDeploymentPostprocessing = 0;
		};
/* End PBXResourcesBuildPhase section */

/* Begin PBXSourcesBuildPhase section */
		22FFEEDD1B713D0F00D6C67F /* Sources */ = {
			isa = PBXSourcesBuildPhase;
			buildActionMask = 2147483647;
			files = (
				22FFEEED1B713D0F00D6C67F /* ViewController.m in Sources */,
				22FFEEEA1B713D0F00D6C67F /* AppDelegate.m in Sources */,
				22FFEEE71B713D0F00D6C67F /* main.m in Sources */,
			);
			runOnlyForDeploymentPostprocessing = 0;
		};
		22FFEEF61B713D0F00D6C67F /* Sources */ = {
			isa = PBXSourcesBuildPhase;
			buildActionMask = 2147483647;
			files = (
				22FFEF011B713D0F00D6C67F /* FruityTests.m in Sources */,
			);
			runOnlyForDeploymentPostprocessing = 0;
		};
/* End PBXSourcesBuildPhase section */

/* Begin PBXTargetDependency section */
		22FFEEFC1B713D0F00D6C67F /* PBXTargetDependency */ = {
			isa = PBXTargetDependency;
			target = 22FFEEE01B713D0F00D6C67F /* Fruity */;
			targetProxy = 22FFEEFB1B713D0F00D6C67F /* PBXContainerItemProxy */;
		};
/* End PBXTargetDependency section */

/* Begin PBXVariantGroup section */
		22FFEEEE1B713D0F00D6C67F /* Main.storyboard */ = {
			isa = PBXVariantGroup;
			children = (
				22FFEEEF1B713D0F00D6C67F /* Base */,
			);
			name = Main.storyboard;
			sourceTree = "<group>";
		};
		22FFEEF31B713D0F00D6C67F /* LaunchScreen.xib */ = {
			isa = PBXVariantGroup;
			children = (
				22FFEEF41B713D0F00D6C67F /* Base */,
			);
			name = LaunchScreen.xib;
			sourceTree = "<group>";
		};
/* End PBXVariantGroup section */

/* Begin XCBuildConfiguration section */
		22FFEF021B713D0F00D6C67F /* Debug */ = {
			isa = XCBuildConfiguration;
			buildSettings = {
				ALWAYS_SEARCH_USER_PATHS = NO;
				CLANG_CXX_LANGUAGE_STANDARD = "gnu++0x";
				CLANG_CXX_LIBRARY = "libc++";
				CLANG_ENABLE_MODULES = YES;
				CLANG_ENABLE_OBJC_ARC = YES;
				CLANG_WARN_BOOL_CONVERSION = YES;
				CLANG_WARN_CONSTANT_CONVERSION = YES;
				CLANG_WARN_DIRECT_OBJC_ISA_USAGE = YES_ERROR;
				CLANG_WARN_EMPTY_BODY = YES;
				CLANG_WARN_ENUM_CONVERSION = YES;
				CLANG_WARN_INT_CONVERSION = YES;
				CLANG_WARN_OBJC_ROOT_CLASS = YES_ERROR;
				CLANG_WARN_UNREACHABLE_CODE = YES;
				CLANG_WARN__DUPLICATE_METHOD_MATCH = YES;
				"CODE_SIGN_IDENTITY[sdk=iphoneos*]" = "iPhone Developer";
				COPY_PHASE_STRIP = NO;
				DEBUG_INFORMATION_FORMAT = "dwarf-with-dsym";
				ENABLE_STRICT_OBJC_MSGSEND = YES;
				GCC_C_LANGUAGE_STANDARD = gnu99;
				GCC_DYNAMIC_NO_PIC = NO;
				GCC_NO_COMMON_BLOCKS = YES;
				GCC_OPTIMIZATION_LEVEL = 0;
				GCC_PREPROCESSOR_DEFINITIONS = (
					"DEBUG=1",
					"$(inherited)",
				);
				GCC_SYMBOLS_PRIVATE_EXTERN = NO;
				GCC_WARN_64_TO_32_BIT_CONVERSION = YES;
				GCC_WARN_ABOUT_RETURN_TYPE = YES_ERROR;
				GCC_WARN_UNDECLARED_SELECTOR = YES;
				GCC_WARN_UNINITIALIZED_AUTOS = YES_AGGRESSIVE;
				GCC_WARN_UNUSED_FUNCTION = YES;
				GCC_WARN_UNUSED_VARIABLE = YES;
				IPHONEOS_DEPLOYMENT_TARGET = 8.4;
				MTL_ENABLE_DEBUG_INFO = YES;
				ONLY_ACTIVE_ARCH = YES;
				SDKROOT = iphoneos;
			};
			name = Debug;
		};
		22FFEF031B713D0F00D6C67F /* Release */ = {
			isa = XCBuildConfiguration;
			buildSettings = {
				ALWAYS_SEARCH_USER_PATHS = NO;
				CLANG_CXX_LANGUAGE_STANDARD = "gnu++0x";
				CLANG_CXX_LIBRARY = "libc++";
				CLANG_ENABLE_MODULES = YES;
				CLANG_ENABLE_OBJC_ARC = YES;
				CLANG_WARN_BOOL_CONVERSION = YES;
				CLANG_WARN_CONSTANT_CONVERSION = YES;
				CLANG_WARN_DIRECT_OBJC_ISA_USAGE = YES_ERROR;
				CLANG_WARN_EMPTY_BODY = YES;
				CLANG_WARN_ENUM_CONVERSION = YES;
				CLANG_WARN_INT_CONVERSION = YES;
				CLANG_WARN_OBJC_ROOT_CLASS = YES_ERROR;
				CLANG_WARN_UNREACHABLE_CODE = YES;
				CLANG_WARN__DUPLICATE_METHOD_MATCH = YES;
				"CODE_SIGN_IDENTITY[sdk=iphoneos*]" = "iPhone Developer";
				COPY_PHASE_STRIP = NO;
				DEBUG_INFORMATION_FORMAT = "dwarf-with-dsym";
				ENABLE_NS_ASSERTIONS = NO;
				ENABLE_STRICT_OBJC_MSGSEND = YES;
				GCC_C_LANGUAGE_STANDARD = gnu99;
				GCC_NO_COMMON_BLOCKS = YES;
				GCC_WARN_64_TO_32_BIT_CONVERSION = YES;
				GCC_WARN_ABOUT_RETURN_TYPE = YES_ERROR;
				GCC_WARN_UNDECLARED_SELECTOR = YES;
				GCC_WARN_UNINITIALIZED_AUTOS = YES_AGGRESSIVE;
				GCC_WARN_UNUSED_FUNCTION = YES;
				GCC_WARN_UNUSED_VARIABLE = YES;
				IPHONEOS_DEPLOYMENT_TARGET = 8.4;
				MTL_ENABLE_DEBUG_INFO = NO;
				SDKROOT = iphoneos;
				VALIDATE_PRODUCT = YES;
			};
			name = Release;
		};
		22FFEF051B713D0F00D6C67F /* Debug */ = {
			isa = XCBuildConfiguration;
			buildSettings = {
				ASSETCATALOG_COMPILER_APPICON_NAME = AppIcon;
				INFOPLIST_FILE = Fruity/Info.plist;
				LD_RUNPATH_SEARCH_PATHS = "$(inherited) @executable_path/Frameworks";
				PRODUCT_NAME = "$(TARGET_NAME)";
			};
			name = Debug;
		};
		22FFEF061B713D0F00D6C67F /* Release */ = {
			isa = XCBuildConfiguration;
			buildSettings = {
				ASSETCATALOG_COMPILER_APPICON_NAME = AppIcon;
				INFOPLIST_FILE = Fruity/Info.plist;
				LD_RUNPATH_SEARCH_PATHS = "$(inherited) @executable_path/Frameworks";
				PRODUCT_NAME = "$(TARGET_NAME)";
			};
			name = Release;
		};
		22FFEF081B713D0F00D6C67F /* Debug */ = {
			isa = XCBuildConfiguration;
			buildSettings = {
				BUNDLE_LOADER = "$(TEST_HOST)";
				FRAMEWORK_SEARCH_PATHS = (
					"$(SDKROOT)/Developer/Library/Frameworks",
					"$(inherited)",
				);
				GCC_PREPROCESSOR_DEFINITIONS = (
					"DEBUG=1",
					"$(inherited)",
				);
				INFOPLIST_FILE = FruityTests/Info.plist;
				LD_RUNPATH_SEARCH_PATHS = "$(inherited) @executable_path/Frameworks @loader_path/Frameworks";
				PRODUCT_NAME = "$(TARGET_NAME)";
				TEST_HOST = "$(BUILT_PRODUCTS_DIR)/Fruity.app/Fruity";
			};
			name = Debug;
		};
		22FFEF091B713D0F00D6C67F /* Release */ = {
			isa = XCBuildConfiguration;
			buildSettings = {
				BUNDLE_LOADER = "$(TEST_HOST)";
				FRAMEWORK_SEARCH_PATHS = (
					"$(SDKROOT)/Developer/Library/Frameworks",
					"$(inherited)",
				);
				INFOPLIST_FILE = FruityTests/Info.plist;
				LD_RUNPATH_SEARCH_PATHS = "$(inherited) @executable_path/Frameworks @loader_path/Frameworks";
				PRODUCT_NAME = "$(TARGET_NAME)";
				TEST_HOST = "$(BUILT_PRODUCTS_DIR)/Fruity.app/Fruity";
			};
			name = Release;
		};
/* End XCBuildConfiguration section */

/* Begin XCConfigurationList section */
		22FFEEDC1B713D0F00D6C67F /* Build configuration list for PBXProject "Fruity" */ = {
			isa = XCConfigurationList;
			buildConfigurations = (
				22FFEF021B713D0F00D6C67F /* Debug */,
				22FFEF031B713D0F00D6C67F /* Release */,
			);
			defaultConfigurationIsVisible = 0;
			defaultConfigurationName = Release;
		};
		22FFEF041B713D0F00D6C67F /* Build configuration list for PBXNativeTarget "Fruity" */ = {
			isa = XCConfigurationList;
			buildConfigurations = (
				22FFEF051B713D0F00D6C67F /* Debug */,
				22FFEF061B713D0F00D6C67F /* Release */,
			);
			defaultConfigurationIsVisible = 0;
		};
		22FFEF071B713D0F00D6C67F /* Build configuration list for PBXNativeTarget "FruityTests" */ = {
			isa = XCConfigurationList;
			buildConfigurations = (
				22FFEF081B713D0F00D6C67F /* Debug */,
				22FFEF091B713D0F00D6C67F /* Release */,
			);
			defaultConfigurationIsVisible = 0;
		};
/* End XCConfigurationList section */
	};
	rootObject = 22FFEED91B713D0F00D6C67F /* Project object */;
}
